
Microsoft Visual Studio Solution File, Format Version 12.00
# Visual Studio Version 16
VisualStudioVersion = 16.0.32802.440
MinimumVisualStudioVersion = 10.0.40219.1
Project("{888888A0-9F3D-457C-B088-3A5042F75D52}") = "Bai1", "Bai1\Bai1.pyproj", "{500B648C-D0E4-4456-82B6-983865F7E750}"
EndProject
Global
	GlobalSection(SolutionConfigurationPlatforms) = preSolution
		Debug|Any CPU = Debug|Any CPU
		Release|Any CPU = Release|Any CPU
	EndGlobalSection
	GlobalSection(ProjectConfigurationPlatforms) = postSolution
		{500B648C-D0E4-4456-82B6-983865F7E750}.Debug|Any CPU.ActiveCfg = Debug|Any CPU
		{500B648C-D0E4-4456-82B6-983865F7E750}.Release|Any CPU.ActiveCfg = Release|Any CPU
	EndGlobalSection
	GlobalSection(SolutionProperties) = preSolution
		HideSolutionNode = FALSE
	EndGlobalSection
	GlobalSection(ExtensibilityGlobals) = postSolution
		SolutionGuid = {833B6883-0402-4736-B573-0E8D0573D513}
	EndGlobalSection
EndGlobal
